
Microsoft Visual Studio Solution File, Format Version 12.00
# Visual Studio Version 17
VisualStudioVersion = 17.3.32825.248
MinimumVisualStudioVersion = 10.0.40219.1
Project("{FAE04EC0-301F-11D3-BF4B-00C04F79EFBC}") = "baitap4", "baitap4\baitap4.csproj", "{A42990BB-CEB9-43E1-9FFF-004EE1F23852}"
EndProject
Global
	GlobalSection(SolutionConfigurationPlatforms) = preSolution
		Debug|Any CPU = Debug|Any CPU
		Release|Any CPU = Release|Any CPU
	EndGlobalSection
	GlobalSection(ProjectConfigurationPlatforms) = postSolution
		{A42990BB-CEB9-43E1-9FFF-004EE1F23852}.Debug|Any CPU.ActiveCfg = Debug|Any CPU
		{A42990BB-CEB9-43E1-9FFF-004EE1F23852}.Debug|Any CPU.Build.0 = Debug|Any CPU
		{A42990BB-CEB9-43E1-9FFF-004EE1F23852}.Release|Any CPU.ActiveCfg = Release|Any CPU
		{A42990BB-CEB9-43E1-9FFF-004EE1F23852}.Release|Any CPU.Build.0 = Release|Any CPU
	EndGlobalSection
	GlobalSection(SolutionProperties) = preSolution
		HideSolutionNode = FALSE
	EndGlobalSection
	GlobalSection(ExtensibilityGlobals) = postSolution
		SolutionGuid = {740A17CA-8AF2-492D-92DB-0857AE3CA1A8}
	EndGlobalSection
EndGlobal
